// !$*UTF8*$!
{
	archiveVersion = 1;
	classes = {
	};
	objectVersion = 46;
	objects = {

/* Begin PBXBuildFile section */
		5022DFEB1ACF4537008A2364 /* AppDelegate.swift in Sources */ = {isa = PBXBuildFile; fileRef = 5022DFEA1ACF4537008A2364 /* AppDelegate.swift */; };
		5022DFF21ACF4537008A2364 /* Images.xcassets in Resources */ = {isa = PBXBuildFile; fileRef = 5022DFF11ACF4537008A2364 /* Images.xcassets */; };
		5022DFF51ACF4537008A2364 /* LaunchScreen.xib in Resources */ = {isa = PBXBuildFile; fileRef = 5022DFF31ACF4537008A2364 /* LaunchScreen.xib */; };
		5022E0011ACF4537008A2364 /* DropCopR1Tests.swift in Sources */ = {isa = PBXBuildFile; fileRef = 5022E0001ACF4537008A2364 /* DropCopR1Tests.swift */; };
		5022E00B1ACF45CE008A2364 /* LoginView.swift in Sources */ = {isa = PBXBuildFile; fileRef = 5022E00A1ACF45CE008A2364 /* LoginView.swift */; };
		502FE01F1ADDA9DE00342CC8 /* Notes.txt in Resources */ = {isa = PBXBuildFile; fileRef = 502FE01E1ADDA9DE00342CC8 /* Notes.txt */; };
		504AF9411AD9A6160083C243 /* Podfile in Resources */ = {isa = PBXBuildFile; fileRef = 504AF9401AD9A6160083C243 /* Podfile */; };
		50681F5C1AD0AD260029F0AE /* RegistrationView.swift in Sources */ = {isa = PBXBuildFile; fileRef = 50681F5B1AD0AD260029F0AE /* RegistrationView.swift */; };
		506F48BB1AED7EB400517B4C /* itemView.swift in Sources */ = {isa = PBXBuildFile; fileRef = 506F48BA1AED7EB400517B4C /* itemView.swift */; };
		508AF15F1AE4368400701ECC /* CopItems.swift in Sources */ = {isa = PBXBuildFile; fileRef = 508AF15E1AE4368400701ECC /* CopItems.swift */; };
		508AF1631AE438FE00701ECC /* CopView.swift in Sources */ = {isa = PBXBuildFile; fileRef = 508AF1621AE438FE00701ECC /* CopView.swift */; };
		508AF1651AE43D7C00701ECC /* copCell.swift in Sources */ = {isa = PBXBuildFile; fileRef = 508AF1641AE43D7C00701ECC /* copCell.swift */; };
		50AF5E021AEF26A500779696 /* CopPage.swift in Sources */ = {isa = PBXBuildFile; fileRef = 50AF5E011AEF26A500779696 /* CopPage.swift */; };
		A0C0EB2ABDF1F3A92F7029F5 /* Pods.framework in Frameworks */ = {isa = PBXBuildFile; fileRef = ED4FDAF756E36C819969E59C /* Pods.framework */; settings = {ATTRIBUTES = (Weak, ); }; };
/* End PBXBuildFile section */

/* Begin PBXContainerItemProxy section */
		5022DFFB1ACF4537008A2364 /* PBXContainerItemProxy */ = {
			isa = PBXContainerItemProxy;
			containerPortal = 5022DFDD1ACF4537008A2364 /* Project object */;
			proxyType = 1;
			remoteGlobalIDString = 5022DFE41ACF4537008A2364;
			remoteInfo = DropCopR1;
		};
/* End PBXContainerItemProxy section */

/* Begin PBXFileReference section */
		5022DFE51ACF4537008A2364 /* DropCopR1.app */ = {isa = PBXFileReference; explicitFileType = wrapper.application; includeInIndex = 0; path = DropCopR1.app; sourceTree = BUILT_PRODUCTS_DIR; };
		5022DFE91ACF4537008A2364 /* Info.plist */ = {isa = PBXFileReference; lastKnownFileType = text.plist.xml; path = Info.plist; sourceTree = "<group>"; };
		5022DFEA1ACF4537008A2364 /* AppDelegate.swift */ = {isa = PBXFileReference; lastKnownFileType = sourcecode.swift; path = AppDelegate.swift; sourceTree = "<group>"; };
		5022DFF11ACF4537008A2364 /* Images.xcassets */ = {isa = PBXFileReference; lastKnownFileType = folder.assetcatalog; path = Images.xcassets; sourceTree = "<group>"; };
		5022DFF41ACF4537008A2364 /* Base */ = {isa = PBXFileReference; lastKnownFileType = file.xib; name = Base; path = Base.lproj/LaunchScreen.xib; sourceTree = "<group>"; };
		5022DFFA1ACF4537008A2364 /* DropCopR1Tests.xctest */ = {isa = PBXFileReference; explicitFileType = wrapper.cfbundle; includeInIndex = 0; path = DropCopR1Tests.xctest; sourceTree = BUILT_PRODUCTS_DIR; };
		5022DFFF1ACF4537008A2364 /* Info.plist */ = {isa = PBXFileReference; lastKnownFileType = text.plist.xml; path = Info.plist; sourceTree = "<group>"; };
		5022E0001ACF4537008A2364 /* DropCopR1Tests.swift */ = {isa = PBXFileReference; lastKnownFileType = sourcecode.swift; path = DropCopR1Tests.swift; sourceTree = "<group>"; };
		5022E00A1ACF45CE008A2364 /* LoginView.swift */ = {isa = PBXFileReference; fileEncoding = 4; lastKnownFileType = sourcecode.swift; path = LoginView.swift; sourceTree = "<group>"; };
		502FE01E1ADDA9DE00342CC8 /* Notes.txt */ = {isa = PBXFileReference; fileEncoding = 4; lastKnownFileType = text; path = Notes.txt; sourceTree = "<group>"; };
		504AF9401AD9A6160083C243 /* Podfile */ = {isa = PBXFileReference; fileEncoding = 4; lastKnownFileType = text; path = Podfile; sourceTree = "<group>"; xcLanguageSpecificationIdentifier = xcode.lang.ruby; };
		50681F5B1AD0AD260029F0AE /* RegistrationView.swift */ = {isa = PBXFileReference; fileEncoding = 4; lastKnownFileType = sourcecode.swift; path = RegistrationView.swift; sourceTree = "<group>"; };
		506F48BA1AED7EB400517B4C /* itemView.swift */ = {isa = PBXFileReference; fileEncoding = 4; lastKnownFileType = sourcecode.swift; path = itemView.swift; sourceTree = "<group>"; };
		508AF15E1AE4368400701ECC /* CopItems.swift */ = {isa = PBXFileReference; fileEncoding = 4; lastKnownFileType = sourcecode.swift; path = CopItems.swift; sourceTree = "<group>"; };
		508AF1621AE438FE00701ECC /* CopView.swift */ = {isa = PBXFileReference; fileEncoding = 4; lastKnownFileType = sourcecode.swift; path = CopView.swift; sourceTree = "<group>"; };
		508AF1641AE43D7C00701ECC /* copCell.swift */ = {isa = PBXFileReference; fileEncoding = 4; lastKnownFileType = sourcecode.swift; path = copCell.swift; sourceTree = "<group>"; };
		50AF5E011AEF26A500779696 /* CopPage.swift */ = {isa = PBXFileReference; fileEncoding = 4; lastKnownFileType = sourcecode.swift; path = CopPage.swift; sourceTree = "<group>"; };
		6F4DED551EB05FB045EB4E1B /* Pods.debug.xcconfig */ = {isa = PBXFileReference; includeInIndex = 1; lastKnownFileType = text.xcconfig; name = Pods.debug.xcconfig; path = "Pods/Target Support Files/Pods/Pods.debug.xcconfig"; sourceTree = "<group>"; };
		ED4FDAF756E36C819969E59C /* Pods.framework */ = {isa = PBXFileReference; explicitFileType = wrapper.framework; includeInIndex = 0; path = Pods.framework; sourceTree = BUILT_PRODUCTS_DIR; };
		EE0A8BF01214B25B644D0E0B /* Pods.release.xcconfig */ = {isa = PBXFileReference; includeInIndex = 1; lastKnownFileType = text.xcconfig; name = Pods.release.xcconfig; path = "Pods/Target Support Files/Pods/Pods.release.xcconfig"; sourceTree = "<group>"; };
/* End PBXFileReference section */

/* Begin PBXFrameworksBuildPhase section */
		5022DFE21ACF4537008A2364 /* Frameworks */ = {
			isa = PBXFrameworksBuildPhase;
			buildActionMask = 2147483647;
			files = (
				A0C0EB2ABDF1F3A92F7029F5 /* Pods.framework in Frameworks */,
			);
			runOnlyForDeploymentPostprocessing = 0;
		};
		5022DFF71ACF4537008A2364 /* Frameworks */ = {
			isa = PBXFrameworksBuildPhase;
			buildActionMask = 2147483647;
			files = (
			);
			runOnlyForDeploymentPostprocessing = 0;
		};
/* End PBXFrameworksBuildPhase section */

/* Begin PBXGroup section */
		3E91FCBAEFF7226F17CC5D92 /* Pods */ = {
			isa = PBXGroup;
			children = (
				6F4DED551EB05FB045EB4E1B /* Pods.debug.xcconfig */,
				EE0A8BF01214B25B644D0E0B /* Pods.release.xcconfig */,
			);
			name = Pods;
			sourceTree = "<group>";
		};
		5022DFDC1ACF4537008A2364 = {
			isa = PBXGroup;
			children = (
				504AF9401AD9A6160083C243 /* Podfile */,
				5022DFE71ACF4537008A2364 /* DropCopR1 */,
				5022DFFD1ACF4537008A2364 /* DropCopR1Tests */,
				5022DFE61ACF4537008A2364 /* Products */,
				3E91FCBAEFF7226F17CC5D92 /* Pods */,
				922966DE71E1AACF4A91C4F0 /* Frameworks */,
			);
			sourceTree = "<group>";
		};
		5022DFE61ACF4537008A2364 /* Products */ = {
			isa = PBXGroup;
			children = (
				5022DFE51ACF4537008A2364 /* DropCopR1.app */,
				5022DFFA1ACF4537008A2364 /* DropCopR1Tests.xctest */,
			);
			name = Products;
			sourceTree = "<group>";
		};
		5022DFE71ACF4537008A2364 /* DropCopR1 */ = {
			isa = PBXGroup;
			children = (
				5022DFEA1ACF4537008A2364 /* AppDelegate.swift */,
				5022DFF11ACF4537008A2364 /* Images.xcassets */,
				5022DFF31ACF4537008A2364 /* LaunchScreen.xib */,
				5022DFE81ACF4537008A2364 /* Supporting Files */,
				5022E00A1ACF45CE008A2364 /* LoginView.swift */,
				50681F5B1AD0AD260029F0AE /* RegistrationView.swift */,
				508AF1621AE438FE00701ECC /* CopView.swift */,
				508AF1641AE43D7C00701ECC /* copCell.swift */,
				508AF15E1AE4368400701ECC /* CopItems.swift */,
				506F48BA1AED7EB400517B4C /* itemView.swift */,
				50AF5E011AEF26A500779696 /* CopPage.swift */,
				502FE01E1ADDA9DE00342CC8 /* Notes.txt */,
			);
			path = DropCopR1;
			sourceTree = "<group>";
		};
		5022DFE81ACF4537008A2364 /* Supporting Files */ = {
			isa = PBXGroup;
			children = (
				5022DFE91ACF4537008A2364 /* Info.plist */,
			);
			name = "Supporting Files";
			sourceTree = "<group>";
		};
		5022DFFD1ACF4537008A2364 /* DropCopR1Tests */ = {
			isa = PBXGroup;
			children = (
				5022E0001ACF4537008A2364 /* DropCopR1Tests.swift */,
				5022DFFE1ACF4537008A2364 /* Supporting Files */,
			);
			path = DropCopR1Tests;
			sourceTree = "<group>";
		};
		5022DFFE1ACF4537008A2364 /* Supporting Files */ = {
			isa = PBXGroup;
			children = (
				5022DFFF1ACF4537008A2364 /* Info.plist */,
			);
			name = "Supporting Files";
			sourceTree = "<group>";
		};
		922966DE71E1AACF4A91C4F0 /* Frameworks */ = {
			isa = PBXGroup;
			children = (
				ED4FDAF756E36C819969E59C /* Pods.framework */,
			);
			name = Frameworks;
			sourceTree = "<group>";
		};
/* End PBXGroup section */

/* Begin PBXNativeTarget section */
		5022DFE41ACF4537008A2364 /* DropCopR1 */ = {
			isa = PBXNativeTarget;
			buildConfigurationList = 5022E0041ACF4537008A2364 /* Build configuration list for PBXNativeTarget "DropCopR1" */;
			buildPhases = (
				3CFBBE60D96C48E8A405A26D /* Check Pods Manifest.lock */,
				5022DFE11ACF4537008A2364 /* Sources */,
				5022DFE21ACF4537008A2364 /* Frameworks */,
				5022DFE31ACF4537008A2364 /* Resources */,
				34E182C69644BAB10A5BE5DF /* Embed Pods Frameworks */,
				559C32412A2F1B4CF482B2A2 /* Copy Pods Resources */,
			);
			buildRules = (
			);
			dependencies = (
			);
			name = DropCopR1;
			productName = DropCopR1;
			productReference = 5022DFE51ACF4537008A2364 /* DropCopR1.app */;
			productType = "com.apple.product-type.application";
		};
		5022DFF91ACF4537008A2364 /* DropCopR1Tests */ = {
			isa = PBXNativeTarget;
			buildConfigurationList = 5022E0071ACF4537008A2364 /* Build configuration list for PBXNativeTarget "DropCopR1Tests" */;
			buildPhases = (
				5022DFF61ACF4537008A2364 /* Sources */,
				5022DFF71ACF4537008A2364 /* Frameworks */,
				5022DFF81ACF4537008A2364 /* Resources */,
			);
			buildRules = (
			);
			dependencies = (
				5022DFFC1ACF4537008A2364 /* PBXTargetDependency */,
			);
			name = DropCopR1Tests;
			productName = DropCopR1Tests;
			productReference = 5022DFFA1ACF4537008A2364 /* DropCopR1Tests.xctest */;
			productType = "com.apple.product-type.bundle.unit-test";
		};
/* End PBXNativeTarget section */

/* Begin PBXProject section */
		5022DFDD1ACF4537008A2364 /* Project object */ = {
			isa = PBXProject;
			attributes = {
				LastUpgradeCheck = 0620;
				ORGANIZATIONNAME = "Mo Alam";
				TargetAttributes = {
					5022DFE41ACF4537008A2364 = {
						CreatedOnToolsVersion = 6.2;
					};
					5022DFF91ACF4537008A2364 = {
						CreatedOnToolsVersion = 6.2;
						TestTargetID = 5022DFE41ACF4537008A2364;
					};
				};
			};
			buildConfigurationList = 5022DFE01ACF4537008A2364 /* Build configuration list for PBXProject "DropCopR1" */;
			compatibilityVersion = "Xcode 3.2";
			developmentRegion = English;
			hasScannedForEncodings = 0;
			knownRegions = (
				en,
				Base,
			);
			mainGroup = 5022DFDC1ACF4537008A2364;
			productRefGroup = 5022DFE61ACF4537008A2364 /* Products */;
			projectDirPath = "";
			projectRoot = "";
			targets = (
				5022DFE41ACF4537008A2364 /* DropCopR1 */,
				5022DFF91ACF4537008A2364 /* DropCopR1Tests */,
			);
		};
/* End PBXProject section */

/* Begin PBXResourcesBuildPhase section */
		5022DFE31ACF4537008A2364 /* Resources */ = {
			isa = PBXResourcesBuildPhase;
			buildActionMask = 2147483647;
			files = (
				5022DFF51ACF4537008A2364 /* LaunchScreen.xib in Resources */,
				504AF9411AD9A6160083C243 /* Podfile in Resources */,
				5022DFF21ACF4537008A2364 /* Images.xcassets in Resources */,
				502FE01F1ADDA9DE00342CC8 /* Notes.txt in Resources */,
			);
			runOnlyForDeploymentPostprocessing = 0;
		};
		5022DFF81ACF4537008A2364 /* Resources */ = {
			isa = PBXResourcesBuildPhase;
			buildActionMask = 2147483647;
			files = (
			);
			runOnlyForDeploymentPostprocessing = 0;
		};
/* End PBXResourcesBuildPhase section */

/* Begin PBXShellScriptBuildPhase section */
		34E182C69644BAB10A5BE5DF /* Embed Pods Frameworks */ = {
			isa = PBXShellScriptBuildPhase;
			buildActionMask = 2147483647;
			files = (
			);
			inputPaths = (
			);
			name = "Embed Pods Frameworks";
			outputPaths = (
			);
			runOnlyForDeploymentPostprocessing = 0;
			shellPath = /bin/sh;
			shellScript = "\"${SRCROOT}/Pods/Target Support Files/Pods/Pods-frameworks.sh\"\n";
			showEnvVarsInLog = 0;
		};
		3CFBBE60D96C48E8A405A26D /* Check Pods Manifest.lock */ = {
			isa = PBXShellScriptBuildPhase;
			buildActionMask = 2147483647;
			files = (
			);
			inputPaths = (
			);
			name = "Check Pods Manifest.lock";
			outputPaths = (
			);
			runOnlyForDeploymentPostprocessing = 0;
			shellPath = /bin/sh;
			shellScript = "diff \"${PODS_ROOT}/../Podfile.lock\" \"${PODS_ROOT}/Manifest.lock\" > /dev/null\nif [[ $? != 0 ]] ; then\n    cat << EOM\nerror: The sandbox is not in sync with the Podfile.lock. Run 'pod install' or update your CocoaPods installation.\nEOM\n    exit 1\nfi\n";
			showEnvVarsInLog = 0;
		};
		559C32412A2F1B4CF482B2A2 /* Copy Pods Resources */ = {
			isa = PBXShellScriptBuildPhase;
			buildActionMask = 2147483647;
			files = (
			);
			inputPaths = (
			);
			name = "Copy Pods Resources";
			outputPaths = (
			);
			runOnlyForDeploymentPostprocessing = 0;
			shellPath = /bin/sh;
			shellScript = "\"${SRCROOT}/Pods/Target Support Files/Pods/Pods-resources.sh\"\n";
			showEnvVarsInLog = 0;
		};
/* End PBXShellScriptBuildPhase section */

/* Begin PBXSourcesBuildPhase section */
		5022DFE11ACF4537008A2364 /* Sources */ = {
			isa = PBXSourcesBuildPhase;
			buildActionMask = 2147483647;
			files = (
				508AF1651AE43D7C00701ECC /* copCell.swift in Sources */,
				50681F5C1AD0AD260029F0AE /* RegistrationView.swift in Sources */,
				506F48BB1AED7EB400517B4C /* itemView.swift in Sources */,
				508AF15F1AE4368400701ECC /* CopItems.swift in Sources */,
				508AF1631AE438FE00701ECC /* CopView.swift in Sources */,
				5022E00B1ACF45CE008A2364 /* LoginView.swift in Sources */,
				5022DFEB1ACF4537008A2364 /* AppDelegate.swift in Sources */,
				50AF5E021AEF26A500779696 /* CopPage.swift in Sources */,
			);
			runOnlyForDeploymentPostprocessing = 0;
		};
		5022DFF61ACF4537008A2364 /* Sources */ = {
			isa = PBXSourcesBuildPhase;
			buildActionMask = 2147483647;
			files = (
				5022E0011ACF4537008A2364 /* DropCopR1Tests.swift in Sources */,
			);
			runOnlyForDeploymentPostprocessing = 0;
		};
/* End PBXSourcesBuildPhase section */

/* Begin PBXTargetDependency section */
		5022DFFC1ACF4537008A2364 /* PBXTargetDependency */ = {
			isa = PBXTargetDependency;
			target = 5022DFE41ACF4537008A2364 /* DropCopR1 */;
			targetProxy = 5022DFFB1ACF4537008A2364 /* PBXContainerItemProxy */;
		};
/* End PBXTargetDependency section */

/* Begin PBXVariantGroup section */
		5022DFF31ACF4537008A2364 /* LaunchScreen.xib */ = {
			isa = PBXVariantGroup;
			children = (
				5022DFF41ACF4537008A2364 /* Base */,
			);
			name = LaunchScreen.xib;
			sourceTree = "<group>";
		};
/* End PBXVariantGroup section */

/* Begin XCBuildConfiguration section */
		5022E0021ACF4537008A2364 /* Debug */ = {
			isa = XCBuildConfiguration;
			buildSettings = {
				ALWAYS_SEARCH_USER_PATHS = NO;
				CLANG_CXX_LANGUAGE_STANDARD = "gnu++0x";
				CLANG_CXX_LIBRARY = "libc++";
				CLANG_ENABLE_MODULES = YES;
				CLANG_ENABLE_OBJC_ARC = YES;
				CLANG_WARN_BOOL_CONVERSION = YES;
				CLANG_WARN_CONSTANT_CONVERSION = YES;
				CLANG_WARN_DIRECT_OBJC_ISA_USAGE = YES_ERROR;
				CLANG_WARN_EMPTY_BODY = YES;
				CLANG_WARN_ENUM_CONVERSION = YES;
				CLANG_WARN_INT_CONVERSION = YES;
				CLANG_WARN_OBJC_ROOT_CLASS = YES_ERROR;
				CLANG_WARN_UNREACHABLE_CODE = YES;
				CLANG_WARN__DUPLICATE_METHOD_MATCH = YES;
				"CODE_SIGN_IDENTITY[sdk=iphoneos*]" = "iPhone Developer";
				COPY_PHASE_STRIP = NO;
				ENABLE_STRICT_OBJC_MSGSEND = YES;
				GCC_C_LANGUAGE_STANDARD = gnu99;
				GCC_DYNAMIC_NO_PIC = NO;
				GCC_OPTIMIZATION_LEVEL = 0;
				GCC_PREPROCESSOR_DEFINITIONS = (
					"DEBUG=1",
					"$(inherited)",
				);
				GCC_SYMBOLS_PRIVATE_EXTERN = NO;
				GCC_WARN_64_TO_32_BIT_CONVERSION = YES;
				GCC_WARN_ABOUT_RETURN_TYPE = YES_ERROR;
				GCC_WARN_UNDECLARED_SELECTOR = YES;
				GCC_WARN_UNINITIALIZED_AUTOS = YES_AGGRESSIVE;
				GCC_WARN_UNUSED_FUNCTION = YES;
				GCC_WARN_UNUSED_VARIABLE = YES;
				IPHONEOS_DEPLOYMENT_TARGET = 8.2;
				MTL_ENABLE_DEBUG_INFO = YES;
				ONLY_ACTIVE_ARCH = YES;
				SDKROOT = iphoneos;
				SWIFT_OPTIMIZATION_LEVEL = "-Onone";
			};
			name = Debug;
		};
		5022E0031ACF4537008A2364 /* Release */ = {
			isa = XCBuildConfiguration;
			buildSettings = {
				ALWAYS_SEARCH_USER_PATHS = NO;
				CLANG_CXX_LANGUAGE_STANDARD = "gnu++0x";
				CLANG_CXX_LIBRARY = "libc++";
				CLANG_ENABLE_MODULES = YES;
				CLANG_ENABLE_OBJC_ARC = YES;
				CLANG_WARN_BOOL_CONVERSION = YES;
				CLANG_WARN_CONSTANT_CONVERSION = YES;
				CLANG_WARN_DIRECT_OBJC_ISA_USAGE = YES_ERROR;
				CLANG_WARN_EMPTY_BODY = YES;
				CLANG_WARN_ENUM_CONVERSION = YES;
				CLANG_WARN_INT_CONVERSION = YES;
				CLANG_WARN_OBJC_ROOT_CLASS = YES_ERROR;
				CLANG_WARN_UNREACHABLE_CODE = YES;
				CLANG_WARN__DUPLICATE_METHOD_MATCH = YES;
				"CODE_SIGN_IDENTITY[sdk=iphoneos*]" = "iPhone Developer";
				COPY_PHASE_STRIP = NO;
				ENABLE_NS_ASSERTIONS = NO;
				ENABLE_STRICT_OBJC_MSGSEND = YES;
				GCC_C_LANGUAGE_STANDARD = gnu99;
				GCC_WARN_64_TO_32_BIT_CONVERSION = YES;
				GCC_WARN_ABOUT_RETURN_TYPE = YES_ERROR;
				GCC_WARN_UNDECLARED_SELECTOR = YES;
				GCC_WARN_UNINITIALIZED_AUTOS = YES_AGGRESSIVE;
				GCC_WARN_UNUSED_FUNCTION = YES;
				GCC_WARN_UNUSED_VARIABLE = YES;
				IPHONEOS_DEPLOYMENT_TARGET = 8.2;
				MTL_ENABLE_DEBUG_INFO = NO;
				SDKROOT = iphoneos;
				VALIDATE_PRODUCT = YES;
			};
			name = Release;
		};
		5022E0051ACF4537008A2364 /* Debug */ = {
			isa = XCBuildConfiguration;
			baseConfigurationReference = 6F4DED551EB05FB045EB4E1B /* Pods.debug.xcconfig */;
			buildSettings = {
				ASSETCATALOG_COMPILER_APPICON_NAME = AppIcon;
				INFOPLIST_FILE = DropCopR1/Info.plist;
				LD_RUNPATH_SEARCH_PATHS = "$(inherited) @executable_path/Frameworks";
				PRODUCT_NAME = "$(TARGET_NAME)";
			};
			name = Debug;
		};
		5022E0061ACF4537008A2364 /* Release */ = {
			isa = XCBuildConfiguration;
			baseConfigurationReference = EE0A8BF01214B25B644D0E0B /* Pods.release.xcconfig */;
			buildSettings = {
				ASSETCATALOG_COMPILER_APPICON_NAME = AppIcon;
				INFOPLIST_FILE = DropCopR1/Info.plist;
				LD_RUNPATH_SEARCH_PATHS = "$(inherited) @executable_path/Frameworks";
				PRODUCT_NAME = "$(TARGET_NAME)";
			};
			name = Release;
		};
		5022E0081ACF4537008A2364 /* Debug */ = {
			isa = XCBuildConfiguration;
			buildSettings = {
				BUNDLE_LOADER = "$(TEST_HOST)";
				FRAMEWORK_SEARCH_PATHS = (
					"$(SDKROOT)/Developer/Library/Frameworks",
					"$(inherited)",
				);
				GCC_PREPROCESSOR_DEFINITIONS = (
					"DEBUG=1",
					"$(inherited)",
				);
				INFOPLIST_FILE = DropCopR1Tests/Info.plist;
				LD_RUNPATH_SEARCH_PATHS = "$(inherited) @executable_path/Frameworks @loader_path/Frameworks";
				PRODUCT_NAME = "$(TARGET_NAME)";
				TEST_HOST = "$(BUILT_PRODUCTS_DIR)/DropCopR1.app/DropCopR1";
			};
			name = Debug;
		};
		5022E0091ACF4537008A2364 /* Release */ = {
			isa = XCBuildConfiguration;
			buildSettings = {
				BUNDLE_LOADER = "$(TEST_HOST)";
				FRAMEWORK_SEARCH_PATHS = (
					"$(SDKROOT)/Developer/Library/Frameworks",
					"$(inherited)",
				);
				INFOPLIST_FILE = DropCopR1Tests/Info.plist;
				LD_RUNPATH_SEARCH_PATHS = "$(inherited) @executable_path/Frameworks @loader_path/Frameworks";
				PRODUCT_NAME = "$(TARGET_NAME)";
				TEST_HOST = "$(BUILT_PRODUCTS_DIR)/DropCopR1.app/DropCopR1";
			};
			name = Release;
		};
/* End XCBuildConfiguration section */

/* Begin XCConfigurationList section */
		5022DFE01ACF4537008A2364 /* Build configuration list for PBXProject "DropCopR1" */ = {
			isa = XCConfigurationList;
			buildConfigurations = (
				5022E0021ACF4537008A2364 /* Debug */,
				5022E0031ACF4537008A2364 /* Release */,
			);
			defaultConfigurationIsVisible = 0;
			defaultConfigurationName = Release;
		};
		5022E0041ACF4537008A2364 /* Build configuration list for PBXNativeTarget "DropCopR1" */ = {
			isa = XCConfigurationList;
			buildConfigurations = (
				5022E0051ACF4537008A2364 /* Debug */,
				5022E0061ACF4537008A2364 /* Release */,
			);
			defaultConfigurationIsVisible = 0;
			defaultConfigurationName = Release;
		};
		5022E0071ACF4537008A2364 /* Build configuration list for PBXNativeTarget "DropCopR1Tests" */ = {
			isa = XCConfigurationList;
			buildConfigurations = (
				5022E0081ACF4537008A2364 /* Debug */,
				5022E0091ACF4537008A2364 /* Release */,
			);
			defaultConfigurationIsVisible = 0;
			defaultConfigurationName = Release;
		};
/* End XCConfigurationList section */
	};
	rootObject = 5022DFDD1ACF4537008A2364 /* Project object */;
}
